// !$*UTF8*$!
{
	archiveVersion = 1;
	classes = {
	};
	objectVersion = 50;
	objects = {

/* Begin PBXBuildFile section */
		1F0A622E2624A127007D2227 /* Colors.xcassets in Resources */ = {isa = PBXBuildFile; fileRef = 1F0A622D2624A127007D2227 /* Colors.xcassets */; };
		1F0A62342624A746007D2227 /* ThemeProtocol.swift in Sources */ = {isa = PBXBuildFile; fileRef = 1F0A62332624A746007D2227 /* ThemeProtocol.swift */; };
		1F0A62362624A914007D2227 /* LightTheme.swift in Sources */ = {isa = PBXBuildFile; fileRef = 1F0A62352624A914007D2227 /* LightTheme.swift */; };
		1F0A62382624AAD6007D2227 /* DarkTheme.swift in Sources */ = {isa = PBXBuildFile; fileRef = 1F0A62372624AAD6007D2227 /* DarkTheme.swift */; };
		1F0A623A2624ABA0007D2227 /* Icons.xcassets in Resources */ = {isa = PBXBuildFile; fileRef = 1F0A62392624ABA0007D2227 /* Icons.xcassets */; };
		1F0A623C2624BAE9007D2227 /* Theme.swift in Sources */ = {isa = PBXBuildFile; fileRef = 1F0A623B2624BAE9007D2227 /* Theme.swift */; };
		1F0A623E2624BE79007D2227 /* MainViewController.swift in Sources */ = {isa = PBXBuildFile; fileRef = 1F0A623D2624BE79007D2227 /* MainViewController.swift */; };
		1F3B4112262CD5F70039EF03 /* CheckListSettingsViewController.swift in Sources */ = {isa = PBXBuildFile; fileRef = 1F3B4111262CD5F70039EF03 /* CheckListSettingsViewController.swift */; };
		1F3B4116262CDC0B0039EF03 /* CheckListView.storyboard in Resources */ = {isa = PBXBuildFile; fileRef = 1F3B4115262CDC0B0039EF03 /* CheckListView.storyboard */; };
		1F3B4118262CDC360039EF03 /* CheckListSettings.storyboard in Resources */ = {isa = PBXBuildFile; fileRef = 1F3B4117262CDC360039EF03 /* CheckListSettings.storyboard */; };
		1F63A4AA2629F1D8000D5A26 /* ConfirmationView.storyboard in Resources */ = {isa = PBXBuildFile; fileRef = 1F63A4A92629F1D8000D5A26 /* ConfirmationView.storyboard */; };
		1F63A4AC2629F294000D5A26 /* ConfirmationViewController.swift in Sources */ = {isa = PBXBuildFile; fileRef = 1F63A4AB2629F294000D5A26 /* ConfirmationViewController.swift */; };
		1F7380EE263A1F1200745894 /* TextEditViewController.swift in Sources */ = {isa = PBXBuildFile; fileRef = 1F7380ED263A1F1200745894 /* TextEditViewController.swift */; };
		1FB470612625C8CE00B6A6DA /* UIViewExtensions.swift in Sources */ = {isa = PBXBuildFile; fileRef = 1FB470602625C8CE00B6A6DA /* UIViewExtensions.swift */; };
		1FB470642625CA0F00B6A6DA /* AppSettingsViewController.swift in Sources */ = {isa = PBXBuildFile; fileRef = 1FB470622625CA0F00B6A6DA /* AppSettingsViewController.swift */; };
		1FB470672625CA4B00B6A6DA /* AppSettings.storyboard in Resources */ = {isa = PBXBuildFile; fileRef = 1FB470662625CA4B00B6A6DA /* AppSettings.storyboard */; };
		1FB470692625D22600B6A6DA /* UIButtonExtensions.swift in Sources */ = {isa = PBXBuildFile; fileRef = 1FB470682625D22600B6A6DA /* UIButtonExtensions.swift */; };
		1FB62D062637F38500C9A984 /* TextEditView.storyboard in Resources */ = {isa = PBXBuildFile; fileRef = 1FB62D052637F38500C9A984 /* TextEditView.storyboard */; };
		1FBB8EE92624C38900BFB47E /* UILabelExtensions.swift in Sources */ = {isa = PBXBuildFile; fileRef = 1FBB8EE82624C38900BFB47E /* UILabelExtensions.swift */; };
		1FBD071326202D8900E6CC15 /* AppDelegate.swift in Sources */ = {isa = PBXBuildFile; fileRef = 1FBD071226202D8900E6CC15 /* AppDelegate.swift */; };
		1FBD071526202D8900E6CC15 /* SceneDelegate.swift in Sources */ = {isa = PBXBuildFile; fileRef = 1FBD071426202D8900E6CC15 /* SceneDelegate.swift */; };
		1FBD071726202D8900E6CC15 /* ViewController.swift in Sources */ = {isa = PBXBuildFile; fileRef = 1FBD071626202D8900E6CC15 /* ViewController.swift */; };
		1FBD071A26202D8900E6CC15 /* Main.storyboard in Resources */ = {isa = PBXBuildFile; fileRef = 1FBD071826202D8900E6CC15 /* Main.storyboard */; };
		1FBD071D26202D8900E6CC15 /* Refresh_Lists.xcdatamodeld in Sources */ = {isa = PBXBuildFile; fileRef = 1FBD071B26202D8900E6CC15 /* Refresh_Lists.xcdatamodeld */; };
		1FBD071F26202D8B00E6CC15 /* Assets.xcassets in Resources */ = {isa = PBXBuildFile; fileRef = 1FBD071E26202D8B00E6CC15 /* Assets.xcassets */; };
		1FBD072226202D8B00E6CC15 /* LaunchScreen.storyboard in Resources */ = {isa = PBXBuildFile; fileRef = 1FBD072026202D8B00E6CC15 /* LaunchScreen.storyboard */; };
		1FBD074A262030B300E6CC15 /* ListItemModel.swift in Sources */ = {isa = PBXBuildFile; fileRef = 1FBD0749262030B300E6CC15 /* ListItemModel.swift */; };
		1FBD074D2620316900E6CC15 /* DateTimeSelectionModel.swift in Sources */ = {isa = PBXBuildFile; fileRef = 1FBD074C2620316900E6CC15 /* DateTimeSelectionModel.swift */; };
		1FBD0750262032FB00E6CC15 /* CheckListModel.swift in Sources */ = {isa = PBXBuildFile; fileRef = 1FBD074F262032FB00E6CC15 /* CheckListModel.swift */; };
		1FBD07522620363700E6CC15 /* Data.swift in Sources */ = {isa = PBXBuildFile; fileRef = 1FBD07512620363700E6CC15 /* Data.swift */; };
		1FBD07542620368800E6CC15 /* MockData.swift in Sources */ = {isa = PBXBuildFile; fileRef = 1FBD07532620368800E6CC15 /* MockData.swift */; };
		1FBD075626203DBD00E6CC15 /* CheckListFunctions.swift in Sources */ = {isa = PBXBuildFile; fileRef = 1FBD075526203DBD00E6CC15 /* CheckListFunctions.swift */; };
		1FCB24C9262718550038ED0B /* font_shortstack.ttf in Resources */ = {isa = PBXBuildFile; fileRef = 1F0A62322624A684007D2227 /* font_shortstack.ttf */; };
		1FCB24CA262718590038ED0B /* font_raleway.ttf in Resources */ = {isa = PBXBuildFile; fileRef = 1F0A62312624A661007D2227 /* font_raleway.ttf */; };
		1FCB24D126277F190038ED0B /* CheckListViewController.swift in Sources */ = {isa = PBXBuildFile; fileRef = 1FCB24D026277F190038ED0B /* CheckListViewController.swift */; };
		1FD05DFC26383B8D0059B913 /* ThemeFunctions.swift in Sources */ = {isa = PBXBuildFile; fileRef = 1FD05DFB26383B8D0059B913 /* ThemeFunctions.swift */; };
		1FDCE1AD2627A25100BF3F89 /* StringExtensions.swift in Sources */ = {isa = PBXBuildFile; fileRef = 1FDCE1AC2627A25100BF3F89 /* StringExtensions.swift */; };
		1FDCE1B02627AEFB00BF3F89 /* ListItemViewCell.swift in Sources */ = {isa = PBXBuildFile; fileRef = 1FDCE1AF2627AEFB00BF3F89 /* ListItemViewCell.swift */; };
		1FDCE1B22627B3D500BF3F89 /* ListItemTable.swift in Sources */ = {isa = PBXBuildFile; fileRef = 1FDCE1B12627B3D500BF3F89 /* ListItemTable.swift */; };
		1FE4C9A826262B91003BE873 /* CheckListsTableViewCell.swift in Sources */ = {isa = PBXBuildFile; fileRef = 1FE4C9A726262B91003BE873 /* CheckListsTableViewCell.swift */; };
		1FE4C9AA26262C0C003BE873 /* CheckListsTableView.swift in Sources */ = {isa = PBXBuildFile; fileRef = 1FE4C9A926262C0C003BE873 /* CheckListsTableView.swift */; };
		1FEC06332628B5F90089ED7B /* UITextFieldExtensions.swift in Sources */ = {isa = PBXBuildFile; fileRef = 1FEC06322628B5F90089ED7B /* UITextFieldExtensions.swift */; };
		1FEEE71C263C632600365844 /* CheckListReminder.swift in Sources */ = {isa = PBXBuildFile; fileRef = 1FEEE71B263C632600365844 /* CheckListReminder.swift */; };
		1FEEE71F263C6BD100365844 /* DateTimeSelection.storyboard in Resources */ = {isa = PBXBuildFile; fileRef = 1FEEE71E263C6BD100365844 /* DateTimeSelection.storyboard */; };
		1FEEE721263C6C4300365844 /* DateTimeSelectionViewController.swift in Sources */ = {isa = PBXBuildFile; fileRef = 1FEEE720263C6C4300365844 /* DateTimeSelectionViewController.swift */; };
/* End PBXBuildFile section */

/* Begin PBXFileReference section */
		1F0A622D2624A127007D2227 /* Colors.xcassets */ = {isa = PBXFileReference; lastKnownFileType = folder.assetcatalog; path = Colors.xcassets; sourceTree = "<group>"; };
		1F0A62312624A661007D2227 /* font_raleway.ttf */ = {isa = PBXFileReference; lastKnownFileType = file; name = font_raleway.ttf; path = "Refresh Lists/Resources/font_raleway.ttf"; sourceTree = SOURCE_ROOT; };
		1F0A62322624A684007D2227 /* font_shortstack.ttf */ = {isa = PBXFileReference; lastKnownFileType = file; name = font_shortstack.ttf; path = "Refresh Lists/Resources/font_shortstack.ttf"; sourceTree = SOURCE_ROOT; };
		1F0A62332624A746007D2227 /* ThemeProtocol.swift */ = {isa = PBXFileReference; lastKnownFileType = sourcecode.swift; path = ThemeProtocol.swift; sourceTree = "<group>"; };
		1F0A62352624A914007D2227 /* LightTheme.swift */ = {isa = PBXFileReference; lastKnownFileType = sourcecode.swift; path = LightTheme.swift; sourceTree = "<group>"; };
		1F0A62372624AAD6007D2227 /* DarkTheme.swift */ = {isa = PBXFileReference; lastKnownFileType = sourcecode.swift; path = DarkTheme.swift; sourceTree = "<group>"; };
		1F0A62392624ABA0007D2227 /* Icons.xcassets */ = {isa = PBXFileReference; lastKnownFileType = folder.assetcatalog; path = Icons.xcassets; sourceTree = "<group>"; };
		1F0A623B2624BAE9007D2227 /* Theme.swift */ = {isa = PBXFileReference; lastKnownFileType = sourcecode.swift; path = Theme.swift; sourceTree = "<group>"; };
		1F0A623D2624BE79007D2227 /* MainViewController.swift */ = {isa = PBXFileReference; lastKnownFileType = sourcecode.swift; path = MainViewController.swift; sourceTree = "<group>"; };
		1F3B4111262CD5F70039EF03 /* CheckListSettingsViewController.swift */ = {isa = PBXFileReference; lastKnownFileType = sourcecode.swift; path = CheckListSettingsViewController.swift; sourceTree = "<group>"; };
		1F3B4115262CDC0B0039EF03 /* CheckListView.storyboard */ = {isa = PBXFileReference; fileEncoding = 4; lastKnownFileType = file.storyboard; path = CheckListView.storyboard; sourceTree = "<group>"; };
		1F3B4117262CDC360039EF03 /* CheckListSettings.storyboard */ = {isa = PBXFileReference; fileEncoding = 4; lastKnownFileType = file.storyboard; path = CheckListSettings.storyboard; sourceTree = "<group>"; };
		1F63A4A92629F1D8000D5A26 /* ConfirmationView.storyboard */ = {isa = PBXFileReference; lastKnownFileType = file.storyboard; path = ConfirmationView.storyboard; sourceTree = "<group>"; };
		1F63A4AB2629F294000D5A26 /* ConfirmationViewController.swift */ = {isa = PBXFileReference; lastKnownFileType = sourcecode.swift; path = ConfirmationViewController.swift; sourceTree = "<group>"; };
		1F7380ED263A1F1200745894 /* TextEditViewController.swift */ = {isa = PBXFileReference; fileEncoding = 4; lastKnownFileType = sourcecode.swift; path = TextEditViewController.swift; sourceTree = "<group>"; };
		1FB470602625C8CE00B6A6DA /* UIViewExtensions.swift */ = {isa = PBXFileReference; lastKnownFileType = sourcecode.swift; path = UIViewExtensions.swift; sourceTree = "<group>"; };
		1FB470622625CA0F00B6A6DA /* AppSettingsViewController.swift */ = {isa = PBXFileReference; lastKnownFileType = sourcecode.swift; path = AppSettingsViewController.swift; sourceTree = "<group>"; };
		1FB470662625CA4B00B6A6DA /* AppSettings.storyboard */ = {isa = PBXFileReference; lastKnownFileType = file.storyboard; path = AppSettings.storyboard; sourceTree = "<group>"; };
		1FB470682625D22600B6A6DA /* UIButtonExtensions.swift */ = {isa = PBXFileReference; lastKnownFileType = sourcecode.swift; path = UIButtonExtensions.swift; sourceTree = "<group>"; };
		1FB62D052637F38500C9A984 /* TextEditView.storyboard */ = {isa = PBXFileReference; lastKnownFileType = file.storyboard; path = TextEditView.storyboard; sourceTree = "<group>"; };
		1FBB8EE82624C38900BFB47E /* UILabelExtensions.swift */ = {isa = PBXFileReference; lastKnownFileType = sourcecode.swift; path = UILabelExtensions.swift; sourceTree = "<group>"; };
		1FBD070F26202D8900E6CC15 /* Refresh Lists.app */ = {isa = PBXFileReference; explicitFileType = wrapper.application; includeInIndex = 0; path = "Refresh Lists.app"; sourceTree = BUILT_PRODUCTS_DIR; };
		1FBD071226202D8900E6CC15 /* AppDelegate.swift */ = {isa = PBXFileReference; lastKnownFileType = sourcecode.swift; path = AppDelegate.swift; sourceTree = "<group>"; };
		1FBD071426202D8900E6CC15 /* SceneDelegate.swift */ = {isa = PBXFileReference; lastKnownFileType = sourcecode.swift; path = SceneDelegate.swift; sourceTree = "<group>"; };
		1FBD071626202D8900E6CC15 /* ViewController.swift */ = {isa = PBXFileReference; lastKnownFileType = sourcecode.swift; path = ViewController.swift; sourceTree = "<group>"; };
		1FBD071926202D8900E6CC15 /* Base */ = {isa = PBXFileReference; lastKnownFileType = file.storyboard; name = Base; path = Base.lproj/Main.storyboard; sourceTree = "<group>"; };
		1FBD071C26202D8900E6CC15 /* Refresh_Lists.xcdatamodel */ = {isa = PBXFileReference; lastKnownFileType = wrapper.xcdatamodel; path = Refresh_Lists.xcdatamodel; sourceTree = "<group>"; };
		1FBD071E26202D8B00E6CC15 /* Assets.xcassets */ = {isa = PBXFileReference; lastKnownFileType = folder.assetcatalog; path = Assets.xcassets; sourceTree = "<group>"; };
		1FBD072126202D8B00E6CC15 /* Base */ = {isa = PBXFileReference; lastKnownFileType = file.storyboard; name = Base; path = Base.lproj/LaunchScreen.storyboard; sourceTree = "<group>"; };
		1FBD072326202D8B00E6CC15 /* Info.plist */ = {isa = PBXFileReference; lastKnownFileType = text.plist.xml; path = Info.plist; sourceTree = "<group>"; };
		1FBD0749262030B300E6CC15 /* ListItemModel.swift */ = {isa = PBXFileReference; lastKnownFileType = sourcecode.swift; path = ListItemModel.swift; sourceTree = "<group>"; };
		1FBD074C2620316900E6CC15 /* DateTimeSelectionModel.swift */ = {isa = PBXFileReference; lastKnownFileType = sourcecode.swift; path = DateTimeSelectionModel.swift; sourceTree = "<group>"; };
		1FBD074F262032FB00E6CC15 /* CheckListModel.swift */ = {isa = PBXFileReference; lastKnownFileType = sourcecode.swift; path = CheckListModel.swift; sourceTree = "<group>"; };
		1FBD07512620363700E6CC15 /* Data.swift */ = {isa = PBXFileReference; lastKnownFileType = sourcecode.swift; path = Data.swift; sourceTree = "<group>"; };
		1FBD07532620368800E6CC15 /* MockData.swift */ = {isa = PBXFileReference; lastKnownFileType = sourcecode.swift; path = MockData.swift; sourceTree = "<group>"; };
		1FBD075526203DBD00E6CC15 /* CheckListFunctions.swift */ = {isa = PBXFileReference; lastKnownFileType = sourcecode.swift; path = CheckListFunctions.swift; sourceTree = "<group>"; };
		1FCB24D026277F190038ED0B /* CheckListViewController.swift */ = {isa = PBXFileReference; lastKnownFileType = sourcecode.swift; path = CheckListViewController.swift; sourceTree = "<group>"; };
		1FD05DFB26383B8D0059B913 /* ThemeFunctions.swift */ = {isa = PBXFileReference; lastKnownFileType = sourcecode.swift; path = ThemeFunctions.swift; sourceTree = "<group>"; };
		1FDCE1AC2627A25100BF3F89 /* StringExtensions.swift */ = {isa = PBXFileReference; lastKnownFileType = sourcecode.swift; path = StringExtensions.swift; sourceTree = "<group>"; };
		1FDCE1AF2627AEFB00BF3F89 /* ListItemViewCell.swift */ = {isa = PBXFileReference; lastKnownFileType = sourcecode.swift; path = ListItemViewCell.swift; sourceTree = "<group>"; };
		1FDCE1B12627B3D500BF3F89 /* ListItemTable.swift */ = {isa = PBXFileReference; lastKnownFileType = sourcecode.swift; path = ListItemTable.swift; sourceTree = "<group>"; };
		1FE4C9A726262B91003BE873 /* CheckListsTableViewCell.swift */ = {isa = PBXFileReference; lastKnownFileType = sourcecode.swift; path = CheckListsTableViewCell.swift; sourceTree = "<group>"; };
		1FE4C9A926262C0C003BE873 /* CheckListsTableView.swift */ = {isa = PBXFileReference; lastKnownFileType = sourcecode.swift; path = CheckListsTableView.swift; sourceTree = "<group>"; };
		1FEC06322628B5F90089ED7B /* UITextFieldExtensions.swift */ = {isa = PBXFileReference; lastKnownFileType = sourcecode.swift; path = UITextFieldExtensions.swift; sourceTree = "<group>"; };
		1FEEE71B263C632600365844 /* CheckListReminder.swift */ = {isa = PBXFileReference; lastKnownFileType = sourcecode.swift; path = CheckListReminder.swift; sourceTree = "<group>"; };
		1FEEE71E263C6BD100365844 /* DateTimeSelection.storyboard */ = {isa = PBXFileReference; lastKnownFileType = file.storyboard; path = DateTimeSelection.storyboard; sourceTree = "<group>"; };
		1FEEE720263C6C4300365844 /* DateTimeSelectionViewController.swift */ = {isa = PBXFileReference; lastKnownFileType = sourcecode.swift; path = DateTimeSelectionViewController.swift; sourceTree = "<group>"; };
/* End PBXFileReference section */

/* Begin PBXFrameworksBuildPhase section */
		1FBD070C26202D8900E6CC15 /* Frameworks */ = {
			isa = PBXFrameworksBuildPhase;
			buildActionMask = 2147483647;
			files = (
			);
			runOnlyForDeploymentPostprocessing = 0;
		};
/* End PBXFrameworksBuildPhase section */

/* Begin PBXGroup section */
		1F0A622F2624A554007D2227 /* Theme */ = {
			isa = PBXGroup;
			children = (
				1F0A62332624A746007D2227 /* ThemeProtocol.swift */,
				1F0A62352624A914007D2227 /* LightTheme.swift */,
				1F0A62372624AAD6007D2227 /* DarkTheme.swift */,
				1FD05DFB26383B8D0059B913 /* ThemeFunctions.swift */,
			);
			path = Theme;
			sourceTree = "<group>";
		};
		1F0A623F2624BE8E007D2227 /* MainView */ = {
			isa = PBXGroup;
			children = (
				1FBD071826202D8900E6CC15 /* Main.storyboard */,
				1F0A623D2624BE79007D2227 /* MainViewController.swift */,
			);
			path = MainView;
			sourceTree = "<group>";
		};
		1F0A62402624BEA9007D2227 /* LaunchView */ = {
			isa = PBXGroup;
			children = (
				1FBD072026202D8B00E6CC15 /* LaunchScreen.storyboard */,
			);
			path = LaunchView;
			sourceTree = "<group>";
		};
		1F63A4A82629F16F000D5A26 /* ConfirmationView */ = {
			isa = PBXGroup;
			children = (
				1F63A4A92629F1D8000D5A26 /* ConfirmationView.storyboard */,
				1F63A4AB2629F294000D5A26 /* ConfirmationViewController.swift */,
			);
			path = ConfirmationView;
			sourceTree = "<group>";
		};
		1F9259592626277000350C0B /* CheckListsTableView */ = {
			isa = PBXGroup;
			children = (
				1FE4C9A926262C0C003BE873 /* CheckListsTableView.swift */,
				1FE4C9A726262B91003BE873 /* CheckListsTableViewCell.swift */,
			);
			path = CheckListsTableView;
			sourceTree = "<group>";
		};
		1FB4705F2625C82300B6A6DA /* AppSettingsView */ = {
			isa = PBXGroup;
			children = (
				1FB470622625CA0F00B6A6DA /* AppSettingsViewController.swift */,
				1FB470662625CA4B00B6A6DA /* AppSettings.storyboard */,
			);
			path = AppSettingsView;
			sourceTree = "<group>";
		};
		1FB62D042637F35F00C9A984 /* TextEditView */ = {
			isa = PBXGroup;
			children = (
				1F7380ED263A1F1200745894 /* TextEditViewController.swift */,
				1FB62D052637F38500C9A984 /* TextEditView.storyboard */,
			);
			path = TextEditView;
			sourceTree = "<group>";
		};
		1FBB8EE72624C37500BFB47E /* Extensions */ = {
			isa = PBXGroup;
			children = (
				1FBB8EE82624C38900BFB47E /* UILabelExtensions.swift */,
				1FB470602625C8CE00B6A6DA /* UIViewExtensions.swift */,
				1FB470682625D22600B6A6DA /* UIButtonExtensions.swift */,
				1FDCE1AC2627A25100BF3F89 /* StringExtensions.swift */,
				1FEC06322628B5F90089ED7B /* UITextFieldExtensions.swift */,
			);
			path = Extensions;
			sourceTree = "<group>";
		};
		1FBD070626202D8900E6CC15 = {
			isa = PBXGroup;
			children = (
				1FBD071126202D8900E6CC15 /* Refresh Lists */,
				1FBD071026202D8900E6CC15 /* Products */,
			);
			sourceTree = "<group>";
		};
		1FBD071026202D8900E6CC15 /* Products */ = {
			isa = PBXGroup;
			children = (
				1FBD070F26202D8900E6CC15 /* Refresh Lists.app */,
			);
			name = Products;
			sourceTree = "<group>";
		};
		1FBD071126202D8900E6CC15 /* Refresh Lists */ = {
			isa = PBXGroup;
			children = (
				1FBD07472620303200E6CC15 /* Resources */,
				1FBD074626202FF900E6CC15 /* Views */,
				1FBD074526202FD300E6CC15 /* Model */,
				1FBD071226202D8900E6CC15 /* AppDelegate.swift */,
				1FBD071426202D8900E6CC15 /* SceneDelegate.swift */,
				1FBD071626202D8900E6CC15 /* ViewController.swift */,
				1FBD071E26202D8B00E6CC15 /* Assets.xcassets */,
				1FBD072326202D8B00E6CC15 /* Info.plist */,
				1FBD071B26202D8900E6CC15 /* Refresh_Lists.xcdatamodeld */,
			);
			path = "Refresh Lists";
			sourceTree = "<group>";
		};
		1FBD074526202FD300E6CC15 /* Model */ = {
			isa = PBXGroup;
			children = (
				1FBD07512620363700E6CC15 /* Data.swift */,
				1FBD074E2620328500E6CC15 /* CheckList */,
				1FBD074B2620315500E6CC15 /* DateTimeSelection */,
				1FBD07482620309A00E6CC15 /* ListItem */,
				1FBD07532620368800E6CC15 /* MockData.swift */,
			);
			path = Model;
			sourceTree = "<group>";
		};
		1FBD074626202FF900E6CC15 /* Views */ = {
			isa = PBXGroup;
			children = (
				1FEEE71D263C6B9F00365844 /* DateTimeSelectionView */,
				1FB62D042637F35F00C9A984 /* TextEditView */,
				1F63A4A82629F16F000D5A26 /* ConfirmationView */,
				1FDCE1AE2627AEC700BF3F89 /* ListItemView */,
				1FCB24CB262779FF0038ED0B /* CheckListView */,
				1F9259592626277000350C0B /* CheckListsTableView */,
				1FB4705F2625C82300B6A6DA /* AppSettingsView */,
				1F0A62402624BEA9007D2227 /* LaunchView */,
				1F0A623F2624BE8E007D2227 /* MainView */,
				1F0A623B2624BAE9007D2227 /* Theme.swift */,
			);
			path = Views;
			sourceTree = "<group>";
		};
		1FBD07472620303200E6CC15 /* Resources */ = {
			isa = PBXGroup;
			children = (
				1FBB8EE72624C37500BFB47E /* Extensions */,
				1F0A62322624A684007D2227 /* font_shortstack.ttf */,
				1F0A62312624A661007D2227 /* font_raleway.ttf */,
				1F0A622D2624A127007D2227 /* Colors.xcassets */,
				1F0A62392624ABA0007D2227 /* Icons.xcassets */,
				1F0A622F2624A554007D2227 /* Theme */,
			);
			path = Resources;
			sourceTree = "<group>";
		};
		1FBD07482620309A00E6CC15 /* ListItem */ = {
			isa = PBXGroup;
			children = (
				1FBD0749262030B300E6CC15 /* ListItemModel.swift */,
			);
			path = ListItem;
			sourceTree = "<group>";
		};
		1FBD074B2620315500E6CC15 /* DateTimeSelection */ = {
			isa = PBXGroup;
			children = (
				1FBD074C2620316900E6CC15 /* DateTimeSelectionModel.swift */,
			);
			path = DateTimeSelection;
			sourceTree = "<group>";
		};
		1FBD074E2620328500E6CC15 /* CheckList */ = {
			isa = PBXGroup;
			children = (
				1FBD074F262032FB00E6CC15 /* CheckListModel.swift */,
				1FBD075526203DBD00E6CC15 /* CheckListFunctions.swift */,
			);
			path = CheckList;
			sourceTree = "<group>";
		};
		1FCB24CB262779FF0038ED0B /* CheckListView */ = {
			isa = PBXGroup;
			children = (
				1F3B4117262CDC360039EF03 /* CheckListSettings.storyboard */,
				1F3B4115262CDC0B0039EF03 /* CheckListView.storyboard */,
				1FCB24D026277F190038ED0B /* CheckListViewController.swift */,
				1F3B4111262CD5F70039EF03 /* CheckListSettingsViewController.swift */,
				1FEEE71B263C632600365844 /* CheckListReminder.swift */,
			);
			path = CheckListView;
			sourceTree = "<group>";
		};
		1FDCE1AE2627AEC700BF3F89 /* ListItemView */ = {
			isa = PBXGroup;
			children = (
				1FDCE1AF2627AEFB00BF3F89 /* ListItemViewCell.swift */,
				1FDCE1B12627B3D500BF3F89 /* ListItemTable.swift */,
			);
			path = ListItemView;
			sourceTree = "<group>";
		};
		1FEEE71D263C6B9F00365844 /* DateTimeSelectionView */ = {
			isa = PBXGroup;
			children = (
				1FEEE71E263C6BD100365844 /* DateTimeSelection.storyboard */,
				1FEEE720263C6C4300365844 /* DateTimeSelectionViewController.swift */,
			);
			path = DateTimeSelectionView;
			sourceTree = "<group>";
		};
/* End PBXGroup section */

/* Begin PBXNativeTarget section */
		1FBD070E26202D8900E6CC15 /* Refresh Lists */ = {
			isa = PBXNativeTarget;
			buildConfigurationList = 1FBD073C26202D8B00E6CC15 /* Build configuration list for PBXNativeTarget "Refresh Lists" */;
			buildPhases = (
				1FBD070B26202D8900E6CC15 /* Sources */,
				1FBD070C26202D8900E6CC15 /* Frameworks */,
				1FBD070D26202D8900E6CC15 /* Resources */,
			);
			buildRules = (
			);
			dependencies = (
			);
			name = "Refresh Lists";
			productName = "Refresh Lists";
			productReference = 1FBD070F26202D8900E6CC15 /* Refresh Lists.app */;
			productType = "com.apple.product-type.application";
		};
/* End PBXNativeTarget section */

/* Begin PBXProject section */
		1FBD070726202D8900E6CC15 /* Project object */ = {
			isa = PBXProject;
			attributes = {
				LastSwiftUpdateCheck = 1130;
				LastUpgradeCheck = 1130;
				ORGANIZATIONNAME = "Ganesh H";
				TargetAttributes = {
					1FBD070E26202D8900E6CC15 = {
						CreatedOnToolsVersion = 11.3.1;
					};
				};
			};
			buildConfigurationList = 1FBD070A26202D8900E6CC15 /* Build configuration list for PBXProject "Refresh Lists" */;
			compatibilityVersion = "Xcode 9.3";
			developmentRegion = en;
			hasScannedForEncodings = 0;
			knownRegions = (
				en,
				Base,
				"zh-Hans",
				ja,
				ko,
				"zh-Hant",
			);
			mainGroup = 1FBD070626202D8900E6CC15;
			productRefGroup = 1FBD071026202D8900E6CC15 /* Products */;
			projectDirPath = "";
			projectRoot = "";
			targets = (
				1FBD070E26202D8900E6CC15 /* Refresh Lists */,
			);
		};
/* End PBXProject section */

/* Begin PBXResourcesBuildPhase section */
		1FBD070D26202D8900E6CC15 /* Resources */ = {
			isa = PBXResourcesBuildPhase;
			buildActionMask = 2147483647;
			files = (
				1F3B4116262CDC0B0039EF03 /* CheckListView.storyboard in Resources */,
				1FBD072226202D8B00E6CC15 /* LaunchScreen.storyboard in Resources */,
				1F0A622E2624A127007D2227 /* Colors.xcassets in Resources */,
				1FBD071F26202D8B00E6CC15 /* Assets.xcassets in Resources */,
				1FCB24C9262718550038ED0B /* font_shortstack.ttf in Resources */,
				1F3B4118262CDC360039EF03 /* CheckListSettings.storyboard in Resources */,
				1FBD071A26202D8900E6CC15 /* Main.storyboard in Resources */,
				1F0A623A2624ABA0007D2227 /* Icons.xcassets in Resources */,
				1FB62D062637F38500C9A984 /* TextEditView.storyboard in Resources */,
				1FEEE71F263C6BD100365844 /* DateTimeSelection.storyboard in Resources */,
				1FB470672625CA4B00B6A6DA /* AppSettings.storyboard in Resources */,
				1F63A4AA2629F1D8000D5A26 /* ConfirmationView.storyboard in Resources */,
				1FCB24CA262718590038ED0B /* font_raleway.ttf in Resources */,
			);
			runOnlyForDeploymentPostprocessing = 0;
		};
/* End PBXResourcesBuildPhase section */

/* Begin PBXSourcesBuildPhase section */
		1FBD070B26202D8900E6CC15 /* Sources */ = {
			isa = PBXSourcesBuildPhase;
			buildActionMask = 2147483647;
			files = (
				1FE4C9AA26262C0C003BE873 /* CheckListsTableView.swift in Sources */,
				1FD05DFC26383B8D0059B913 /* ThemeFunctions.swift in Sources */,
				1F3B4112262CD5F70039EF03 /* CheckListSettingsViewController.swift in Sources */,
				1FBB8EE92624C38900BFB47E /* UILabelExtensions.swift in Sources */,
				1FB470642625CA0F00B6A6DA /* AppSettingsViewController.swift in Sources */,
				1F63A4AC2629F294000D5A26 /* ConfirmationViewController.swift in Sources */,
				1FDCE1B02627AEFB00BF3F89 /* ListItemViewCell.swift in Sources */,
				1FB470692625D22600B6A6DA /* UIButtonExtensions.swift in Sources */,
				1FBD075626203DBD00E6CC15 /* CheckListFunctions.swift in Sources */,
				1FE4C9A826262B91003BE873 /* CheckListsTableViewCell.swift in Sources */,
				1FBD071726202D8900E6CC15 /* ViewController.swift in Sources */,
				1FB470612625C8CE00B6A6DA /* UIViewExtensions.swift in Sources */,
				1FEEE71C263C632600365844 /* CheckListReminder.swift in Sources */,
				1FBD074D2620316900E6CC15 /* DateTimeSelectionModel.swift in Sources */,
				1FBD0750262032FB00E6CC15 /* CheckListModel.swift in Sources */,
				1FEC06332628B5F90089ED7B /* UITextFieldExtensions.swift in Sources */,
				1F0A62342624A746007D2227 /* ThemeProtocol.swift in Sources */,
				1F7380EE263A1F1200745894 /* TextEditViewController.swift in Sources */,
				1FDCE1B22627B3D500BF3F89 /* ListItemTable.swift in Sources */,
				1FCB24D126277F190038ED0B /* CheckListViewController.swift in Sources */,
				1FDCE1AD2627A25100BF3F89 /* StringExtensions.swift in Sources */,
				1F0A62382624AAD6007D2227 /* DarkTheme.swift in Sources */,
				1FBD074A262030B300E6CC15 /* ListItemModel.swift in Sources */,
				1FBD07542620368800E6CC15 /* MockData.swift in Sources */,
				1FBD071326202D8900E6CC15 /* AppDelegate.swift in Sources */,
				1F0A623E2624BE79007D2227 /* MainViewController.swift in Sources */,
				1FEEE721263C6C4300365844 /* DateTimeSelectionViewController.swift in Sources */,
				1FBD071526202D8900E6CC15 /* SceneDelegate.swift in Sources */,
				1FBD071D26202D8900E6CC15 /* Refresh_Lists.xcdatamodeld in Sources */,
				1F0A62362624A914007D2227 /* LightTheme.swift in Sources */,
				1FBD07522620363700E6CC15 /* Data.swift in Sources */,
				1F0A623C2624BAE9007D2227 /* Theme.swift in Sources */,
			);
			runOnlyForDeploymentPostprocessing = 0;
		};
/* End PBXSourcesBuildPhase section */

/* Begin PBXVariantGroup section */
		1FBD071826202D8900E6CC15 /* Main.storyboard */ = {
			isa = PBXVariantGroup;
			children = (
				1FBD071926202D8900E6CC15 /* Base */,
			);
			name = Main.storyboard;
			sourceTree = "<group>";
		};
		1FBD072026202D8B00E6CC15 /* LaunchScreen.storyboard */ = {
			isa = PBXVariantGroup;
			children = (
				1FBD072126202D8B00E6CC15 /* Base */,
			);
			name = LaunchScreen.storyboard;
			sourceTree = "<group>";
		};
/* End PBXVariantGroup section */

/* Begin XCBuildConfiguration section */
		1FBD073A26202D8B00E6CC15 /* Debug */ = {
			isa = XCBuildConfiguration;
			buildSettings = {
				ALWAYS_SEARCH_USER_PATHS = NO;
				CLANG_ANALYZER_NONNULL = YES;
				CLANG_ANALYZER_NUMBER_OBJECT_CONVERSION = YES_AGGRESSIVE;
				CLANG_CXX_LANGUAGE_STANDARD = "gnu++14";
				CLANG_CXX_LIBRARY = "libc++";
				CLANG_ENABLE_MODULES = YES;
				CLANG_ENABLE_OBJC_ARC = YES;
				CLANG_ENABLE_OBJC_WEAK = YES;
				CLANG_WARN_BLOCK_CAPTURE_AUTORELEASING = YES;
				CLANG_WARN_BOOL_CONVERSION = YES;
				CLANG_WARN_COMMA = YES;
				CLANG_WARN_CONSTANT_CONVERSION = YES;
				CLANG_WARN_DEPRECATED_OBJC_IMPLEMENTATIONS = YES;
				CLANG_WARN_DIRECT_OBJC_ISA_USAGE = YES_ERROR;
				CLANG_WARN_DOCUMENTATION_COMMENTS = YES;
				CLANG_WARN_EMPTY_BODY = YES;
				CLANG_WARN_ENUM_CONVERSION = YES;
				CLANG_WARN_INFINITE_RECURSION = YES;
				CLANG_WARN_INT_CONVERSION = YES;
				CLANG_WARN_NON_LITERAL_NULL_CONVERSION = YES;
				CLANG_WARN_OBJC_IMPLICIT_RETAIN_SELF = YES;
				CLANG_WARN_OBJC_LITERAL_CONVERSION = YES;
				CLANG_WARN_OBJC_ROOT_CLASS = YES_ERROR;
				CLANG_WARN_RANGE_LOOP_ANALYSIS = YES;
				CLANG_WARN_STRICT_PROTOTYPES = YES;
				CLANG_WARN_SUSPICIOUS_MOVE = YES;
				CLANG_WARN_UNGUARDED_AVAILABILITY = YES_AGGRESSIVE;
				CLANG_WARN_UNREACHABLE_CODE = YES;
				CLANG_WARN__DUPLICATE_METHOD_MATCH = YES;
				COPY_PHASE_STRIP = NO;
				DEBUG_INFORMATION_FORMAT = dwarf;
				ENABLE_STRICT_OBJC_MSGSEND = YES;
				ENABLE_TESTABILITY = YES;
				GCC_C_LANGUAGE_STANDARD = gnu11;
				GCC_DYNAMIC_NO_PIC = NO;
				GCC_NO_COMMON_BLOCKS = YES;
				GCC_OPTIMIZATION_LEVEL = 0;
				GCC_PREPROCESSOR_DEFINITIONS = (
					"DEBUG=1",
					"$(inherited)",
				);
				GCC_WARN_64_TO_32_BIT_CONVERSION = YES;
				GCC_WARN_ABOUT_RETURN_TYPE = YES_ERROR;
				GCC_WARN_UNDECLARED_SELECTOR = YES;
				GCC_WARN_UNINITIALIZED_AUTOS = YES_AGGRESSIVE;
				GCC_WARN_UNUSED_FUNCTION = YES;
				GCC_WARN_UNUSED_VARIABLE = YES;
				IPHONEOS_DEPLOYMENT_TARGET = 13.2;
				MTL_ENABLE_DEBUG_INFO = INCLUDE_SOURCE;
				MTL_FAST_MATH = YES;
				ONLY_ACTIVE_ARCH = YES;
				SDKROOT = iphoneos;
				SWIFT_ACTIVE_COMPILATION_CONDITIONS = DEBUG;
				SWIFT_OPTIMIZATION_LEVEL = "-Onone";
			};
			name = Debug;
		};
		1FBD073B26202D8B00E6CC15 /* Release */ = {
			isa = XCBuildConfiguration;
			buildSettings = {
				ALWAYS_SEARCH_USER_PATHS = NO;
				CLANG_ANALYZER_NONNULL = YES;
				CLANG_ANALYZER_NUMBER_OBJECT_CONVERSION = YES_AGGRESSIVE;
				CLANG_CXX_LANGUAGE_STANDARD = "gnu++14";
				CLANG_CXX_LIBRARY = "libc++";
				CLANG_ENABLE_MODULES = YES;
				CLANG_ENABLE_OBJC_ARC = YES;
				CLANG_ENABLE_OBJC_WEAK = YES;
				CLANG_WARN_BLOCK_CAPTURE_AUTORELEASING = YES;
				CLANG_WARN_BOOL_CONVERSION = YES;
				CLANG_WARN_COMMA = YES;
				CLANG_WARN_CONSTANT_CONVERSION = YES;
				CLANG_WARN_DEPRECATED_OBJC_IMPLEMENTATIONS = YES;
				CLANG_WARN_DIRECT_OBJC_ISA_USAGE = YES_ERROR;
				CLANG_WARN_DOCUMENTATION_COMMENTS = YES;
				CLANG_WARN_EMPTY_BODY = YES;
				CLANG_WARN_ENUM_CONVERSION = YES;
				CLANG_WARN_INFINITE_RECURSION = YES;
				CLANG_WARN_INT_CONVERSION = YES;
				CLANG_WARN_NON_LITERAL_NULL_CONVERSION = YES;
				CLANG_WARN_OBJC_IMPLICIT_RETAIN_SELF = YES;
				CLANG_WARN_OBJC_LITERAL_CONVERSION = YES;
				CLANG_WARN_OBJC_ROOT_CLASS = YES_ERROR;
				CLANG_WARN_RANGE_LOOP_ANALYSIS = YES;
				CLANG_WARN_STRICT_PROTOTYPES = YES;
				CLANG_WARN_SUSPICIOUS_MOVE = YES;
				CLANG_WARN_UNGUARDED_AVAILABILITY = YES_AGGRESSIVE;
				CLANG_WARN_UNREACHABLE_CODE = YES;
				CLANG_WARN__DUPLICATE_METHOD_MATCH = YES;
				COPY_PHASE_STRIP = NO;
				DEBUG_INFORMATION_FORMAT = "dwarf-with-dsym";
				ENABLE_NS_ASSERTIONS = NO;
				ENABLE_STRICT_OBJC_MSGSEND = YES;
				GCC_C_LANGUAGE_STANDARD = gnu11;
				GCC_NO_COMMON_BLOCKS = YES;
				GCC_WARN_64_TO_32_BIT_CONVERSION = YES;
				GCC_WARN_ABOUT_RETURN_TYPE = YES_ERROR;
				GCC_WARN_UNDECLARED_SELECTOR = YES;
				GCC_WARN_UNINITIALIZED_AUTOS = YES_AGGRESSIVE;
				GCC_WARN_UNUSED_FUNCTION = YES;
				GCC_WARN_UNUSED_VARIABLE = YES;
				IPHONEOS_DEPLOYMENT_TARGET = 13.2;
				MTL_ENABLE_DEBUG_INFO = NO;
				MTL_FAST_MATH = YES;
				SDKROOT = iphoneos;
				SWIFT_COMPILATION_MODE = wholemodule;
				SWIFT_OPTIMIZATION_LEVEL = "-O";
				VALIDATE_PRODUCT = YES;
			};
			name = Release;
		};
		1FBD073D26202D8B00E6CC15 /* Debug */ = {
			isa = XCBuildConfiguration;
			buildSettings = {
				ASSETCATALOG_COMPILER_APPICON_NAME = AppIcon;
				CODE_SIGN_STYLE = Automatic;
				INFOPLIST_FILE = "Refresh Lists/Info.plist";
				LD_RUNPATH_SEARCH_PATHS = (
					"$(inherited)",
					"@executable_path/Frameworks",
				);
				PRODUCT_BUNDLE_IDENTIFIER = "com.ganeshh.Refresh-Lists";
				PRODUCT_NAME = "$(TARGET_NAME)";
				SWIFT_VERSION = 5.0;
				TARGETED_DEVICE_FAMILY = 1;
			};
			name = Debug;
		};
		1FBD073E26202D8B00E6CC15 /* Release */ = {
			isa = XCBuildConfiguration;
			buildSettings = {
				ASSETCATALOG_COMPILER_APPICON_NAME = AppIcon;
				CODE_SIGN_STYLE = Automatic;
				INFOPLIST_FILE = "Refresh Lists/Info.plist";
				LD_RUNPATH_SEARCH_PATHS = (
					"$(inherited)",
					"@executable_path/Frameworks",
				);
				PRODUCT_BUNDLE_IDENTIFIER = "com.ganeshh.Refresh-Lists";
				PRODUCT_NAME = "$(TARGET_NAME)";
				SWIFT_VERSION = 5.0;
				TARGETED_DEVICE_FAMILY = 1;
			};
			name = Release;
		};
/* End XCBuildConfiguration section */

/* Begin XCConfigurationList section */
		1FBD070A26202D8900E6CC15 /* Build configuration list for PBXProject "Refresh Lists" */ = {
			isa = XCConfigurationList;
			buildConfigurations = (
				1FBD073A26202D8B00E6CC15 /* Debug */,
				1FBD073B26202D8B00E6CC15 /* Release */,
			);
			defaultConfigurationIsVisible = 0;
			defaultConfigurationName = Release;
		};
		1FBD073C26202D8B00E6CC15 /* Build configuration list for PBXNativeTarget "Refresh Lists" */ = {
			isa = XCConfigurationList;
			buildConfigurations = (
				1FBD073D26202D8B00E6CC15 /* Debug */,
				1FBD073E26202D8B00E6CC15 /* Release */,
			);
			defaultConfigurationIsVisible = 0;
			defaultConfigurationName = Release;
		};
/* End XCConfigurationList section */

/* Begin XCVersionGroup section */
		1FBD071B26202D8900E6CC15 /* Refresh_Lists.xcdatamodeld */ = {
			isa = XCVersionGroup;
			children = (
				1FBD071C26202D8900E6CC15 /* Refresh_Lists.xcdatamodel */,
			);
			currentVersion = 1FBD071C26202D8900E6CC15 /* Refresh_Lists.xcdatamodel */;
			path = Refresh_Lists.xcdatamodeld;
			sourceTree = "<group>";
			versionGroupType = wrapper.xcdatamodel;
		};
/* End XCVersionGroup section */
	};
	rootObject = 1FBD070726202D8900E6CC15 /* Project object */;
}
